
Microsoft Visual Studio Solution File, Format Version 12.00
# Visual Studio Version 16
VisualStudioVersion = 16.0.28922.388
MinimumVisualStudioVersion = 10.0.40219.1
Project("{2150E333-8FDC-42A3-9474-1A3956D46DE8}") = "Framework", "Framework", "{5F45B89A-1F51-4108-811E-92655F580999}"
EndProject
Project("{2150E333-8FDC-42A3-9474-1A3956D46DE8}") = "Libraries", "Libraries", "{E1962AC4-F46A-4F64-B4FD-0028E885F93A}"
EndProject
Project("{2150E333-8FDC-42A3-9474-1A3956D46DE8}") = "Presentation", "Presentation", "{793937A7-108C-4687-AA11-C1E9D2462B7A}"
EndProject
Project("{FAE04EC0-301F-11D3-BF4B-00C04F79EFBC}") = "SSPC_One_HCP.Core", "SSPC_One_HCP.Core\SSPC_One_HCP.Core.csproj", "{765E4550-3E01-4222-A806-7D81428626B0}"
EndProject
Project("{FAE04EC0-301F-11D3-BF4B-00C04F79EFBC}") = "SSPC_One_HCP.Data", "SSPC_One_HCP.Data\SSPC_One_HCP.Data.csproj", "{4500E9C9-DDB9-4285-B177-2A11237254EC}"
EndProject
Project("{FAE04EC0-301F-11D3-BF4B-00C04F79EFBC}") = "SSPC_One_HCP.Services", "SSPC_One_HCP.Services\SSPC_One_HCP.Services.csproj", "{7DB5DBCA-03F5-4FEA-AF23-63C18C771A30}"
EndProject
Project("{FAE04EC0-301F-11D3-BF4B-00C04F79EFBC}") = "SSPC_One_HCP.AutofacManager", "SSPC_One_HCP.AutofacManager\SSPC_One_HCP.AutofacManager.csproj", "{5CC1BF63-1AC2-41D0-BA15-288B92B25943}"
EndProject
Project("{FAE04EC0-301F-11D3-BF4B-00C04F79EFBC}") = "SSPC_One_HCP.AOP", "SSPC_One_HCP.AOP\SSPC_One_HCP.AOP.csproj", "{741BA3EA-43BB-496E-BDB6-F946F4162F96}"
EndProject
Project("{FAE04EC0-301F-11D3-BF4B-00C04F79EFBC}") = "SSPC_One_HCP.OAuth", "SSPC_One_HCP.OAuth\SSPC_One_HCP.OAuth.csproj", "{A951B377-40F5-41A9-ADA6-915CFEF3928A}"
EndProject
Project("{FAE04EC0-301F-11D3-BF4B-00C04F79EFBC}") = "SSPC_One_HCP.WebApi", "SSPC_One_HCP.WebApi\SSPC_One_HCP.WebApi.csproj", "{65A9A831-4B2C-4FBF-B8C6-2FF102B3C7E1}"
EndProject
Project("{FAE04EC0-301F-11D3-BF4B-00C04F79EFBC}") = "SSPC_One_HCP.WindowsServices", "SSPC_One_HCP.WindowsServices\SSPC_One_HCP.WindowsServices.csproj", "{DC4F5549-C3B0-45F1-AE7A-1074FA79D734}"
EndProject
Project("{FAE04EC0-301F-11D3-BF4B-00C04F79EFBC}") = "SSPC_One_HCP.Test", "SSPC_One_HCP.Test\SSPC_One_HCP.Test.csproj", "{6E6F92FF-DFDD-46B8-B7A3-02A23831596B}"
EndProject
Project("{9A19103F-16F7-4668-BE54-9A1E7A4F7556}") = "SSPC_One_HCP.KBS", "SSPC_One_HCP.KBS\SSPC_One_HCP.KBS.csproj", "{DEE973D9-9D4A-48FB-8900-34612CEB6CF7}"
EndProject
Project("{FAE04EC0-301F-11D3-BF4B-00C04F79EFBC}") = "SSPC_One_HCP.WebSockets", "SSPC_One_HCP.WebSockets\SSPC_One_HCP.WebSockets.csproj", "{22AF9EDD-65D6-4F34-958B-0ED61AA6B36D}"
EndProject
Project("{FAE04EC0-301F-11D3-BF4B-00C04F79EFBC}") = "SSPC_One_HCP.RongCloud", "SSPC_One_HCP.RongCloud\SSPC_One_HCP.RongCloud.csproj", "{152AC01D-5EE4-4B16-B6EE-9F7A2E0A5D70}"
EndProject
Global
	GlobalSection(SolutionConfigurationPlatforms) = preSolution
		Debug|Any CPU = Debug|Any CPU
		Release|Any CPU = Release|Any CPU
	EndGlobalSection
	GlobalSection(ProjectConfigurationPlatforms) = postSolution
		{765E4550-3E01-4222-A806-7D81428626B0}.Debug|Any CPU.ActiveCfg = Debug|Any CPU
		{765E4550-3E01-4222-A806-7D81428626B0}.Debug|Any CPU.Build.0 = Debug|Any CPU
		{765E4550-3E01-4222-A806-7D81428626B0}.Release|Any CPU.ActiveCfg = Release|Any CPU
		{765E4550-3E01-4222-A806-7D81428626B0}.Release|Any CPU.Build.0 = Release|Any CPU
		{4500E9C9-DDB9-4285-B177-2A11237254EC}.Debug|Any CPU.ActiveCfg = Debug|Any CPU
		{4500E9C9-DDB9-4285-B177-2A11237254EC}.Debug|Any CPU.Build.0 = Debug|Any CPU
		{4500E9C9-DDB9-4285-B177-2A11237254EC}.Release|Any CPU.ActiveCfg = Release|Any CPU
		{4500E9C9-DDB9-4285-B177-2A11237254EC}.Release|Any CPU.Build.0 = Release|Any CPU
		{7DB5DBCA-03F5-4FEA-AF23-63C18C771A30}.Debug|Any CPU.ActiveCfg = Debug|Any CPU
		{7DB5DBCA-03F5-4FEA-AF23-63C18C771A30}.Debug|Any CPU.Build.0 = Debug|Any CPU
		{7DB5DBCA-03F5-4FEA-AF23-63C18C771A30}.Release|Any CPU.ActiveCfg = Release|Any CPU
		{7DB5DBCA-03F5-4FEA-AF23-63C18C771A30}.Release|Any CPU.Build.0 = Release|Any CPU
		{5CC1BF63-1AC2-41D0-BA15-288B92B25943}.Debug|Any CPU.ActiveCfg = Debug|Any CPU
		{5CC1BF63-1AC2-41D0-BA15-288B92B25943}.Debug|Any CPU.Build.0 = Debug|Any CPU
		{5CC1BF63-1AC2-41D0-BA15-288B92B25943}.Release|Any CPU.ActiveCfg = Release|Any CPU
		{5CC1BF63-1AC2-41D0-BA15-288B92B25943}.Release|Any CPU.Build.0 = Release|Any CPU
		{741BA3EA-43BB-496E-BDB6-F946F4162F96}.Debug|Any CPU.ActiveCfg = Debug|Any CPU
		{741BA3EA-43BB-496E-BDB6-F946F4162F96}.Debug|Any CPU.Build.0 = Debug|Any CPU
		{741BA3EA-43BB-496E-BDB6-F946F4162F96}.Release|Any CPU.ActiveCfg = Release|Any CPU
		{741BA3EA-43BB-496E-BDB6-F946F4162F96}.Release|Any CPU.Build.0 = Release|Any CPU
		{A951B377-40F5-41A9-ADA6-915CFEF3928A}.Debug|Any CPU.ActiveCfg = Debug|Any CPU
		{A951B377-40F5-41A9-ADA6-915CFEF3928A}.Debug|Any CPU.Build.0 = Debug|Any CPU
		{A951B377-40F5-41A9-ADA6-915CFEF3928A}.Release|Any CPU.ActiveCfg = Release|Any CPU
		{A951B377-40F5-41A9-ADA6-915CFEF3928A}.Release|Any CPU.Build.0 = Release|Any CPU
		{65A9A831-4B2C-4FBF-B8C6-2FF102B3C7E1}.Debug|Any CPU.ActiveCfg = Debug|Any CPU
		{65A9A831-4B2C-4FBF-B8C6-2FF102B3C7E1}.Debug|Any CPU.Build.0 = Debug|Any CPU
		{65A9A831-4B2C-4FBF-B8C6-2FF102B3C7E1}.Release|Any CPU.ActiveCfg = Release|Any CPU
		{65A9A831-4B2C-4FBF-B8C6-2FF102B3C7E1}.Release|Any CPU.Build.0 = Release|Any CPU
		{DC4F5549-C3B0-45F1-AE7A-1074FA79D734}.Debug|Any CPU.ActiveCfg = Debug|Any CPU
		{DC4F5549-C3B0-45F1-AE7A-1074FA79D734}.Debug|Any CPU.Build.0 = Debug|Any CPU
		{DC4F5549-C3B0-45F1-AE7A-1074FA79D734}.Release|Any CPU.ActiveCfg = Release|Any CPU
		{DC4F5549-C3B0-45F1-AE7A-1074FA79D734}.Release|Any CPU.Build.0 = Release|Any CPU
		{6E6F92FF-DFDD-46B8-B7A3-02A23831596B}.Debug|Any CPU.ActiveCfg = Debug|Any CPU
		{6E6F92FF-DFDD-46B8-B7A3-02A23831596B}.Debug|Any CPU.Build.0 = Debug|Any CPU
		{6E6F92FF-DFDD-46B8-B7A3-02A23831596B}.Release|Any CPU.ActiveCfg = Release|Any CPU
		{6E6F92FF-DFDD-46B8-B7A3-02A23831596B}.Release|Any CPU.Build.0 = Release|Any CPU
		{DEE973D9-9D4A-48FB-8900-34612CEB6CF7}.Debug|Any CPU.ActiveCfg = Debug|Any CPU
		{DEE973D9-9D4A-48FB-8900-34612CEB6CF7}.Debug|Any CPU.Build.0 = Debug|Any CPU
		{DEE973D9-9D4A-48FB-8900-34612CEB6CF7}.Release|Any CPU.ActiveCfg = Release|Any CPU
		{DEE973D9-9D4A-48FB-8900-34612CEB6CF7}.Release|Any CPU.Build.0 = Release|Any CPU
		{22AF9EDD-65D6-4F34-958B-0ED61AA6B36D}.Debug|Any CPU.ActiveCfg = Debug|Any CPU
		{22AF9EDD-65D6-4F34-958B-0ED61AA6B36D}.Debug|Any CPU.Build.0 = Debug|Any CPU
		{22AF9EDD-65D6-4F34-958B-0ED61AA6B36D}.Release|Any CPU.ActiveCfg = Release|Any CPU
		{22AF9EDD-65D6-4F34-958B-0ED61AA6B36D}.Release|Any CPU.Build.0 = Release|Any CPU
		{152AC01D-5EE4-4B16-B6EE-9F7A2E0A5D70}.Debug|Any CPU.ActiveCfg = Debug|Any CPU
		{152AC01D-5EE4-4B16-B6EE-9F7A2E0A5D70}.Debug|Any CPU.Build.0 = Debug|Any CPU
		{152AC01D-5EE4-4B16-B6EE-9F7A2E0A5D70}.Release|Any CPU.ActiveCfg = Release|Any CPU
		{152AC01D-5EE4-4B16-B6EE-9F7A2E0A5D70}.Release|Any CPU.Build.0 = Release|Any CPU
	EndGlobalSection
	GlobalSection(SolutionProperties) = preSolution
		HideSolutionNode = FALSE
	EndGlobalSection
	GlobalSection(NestedProjects) = preSolution
		{765E4550-3E01-4222-A806-7D81428626B0} = {E1962AC4-F46A-4F64-B4FD-0028E885F93A}
		{4500E9C9-DDB9-4285-B177-2A11237254EC} = {E1962AC4-F46A-4F64-B4FD-0028E885F93A}
		{7DB5DBCA-03F5-4FEA-AF23-63C18C771A30} = {E1962AC4-F46A-4F64-B4FD-0028E885F93A}
		{5CC1BF63-1AC2-41D0-BA15-288B92B25943} = {5F45B89A-1F51-4108-811E-92655F580999}
		{741BA3EA-43BB-496E-BDB6-F946F4162F96} = {5F45B89A-1F51-4108-811E-92655F580999}
		{A951B377-40F5-41A9-ADA6-915CFEF3928A} = {5F45B89A-1F51-4108-811E-92655F580999}
		{65A9A831-4B2C-4FBF-B8C6-2FF102B3C7E1} = {793937A7-108C-4687-AA11-C1E9D2462B7A}
		{DC4F5549-C3B0-45F1-AE7A-1074FA79D734} = {793937A7-108C-4687-AA11-C1E9D2462B7A}
		{6E6F92FF-DFDD-46B8-B7A3-02A23831596B} = {793937A7-108C-4687-AA11-C1E9D2462B7A}
		{DEE973D9-9D4A-48FB-8900-34612CEB6CF7} = {E1962AC4-F46A-4F64-B4FD-0028E885F93A}
		{22AF9EDD-65D6-4F34-958B-0ED61AA6B36D} = {E1962AC4-F46A-4F64-B4FD-0028E885F93A}
		{152AC01D-5EE4-4B16-B6EE-9F7A2E0A5D70} = {E1962AC4-F46A-4F64-B4FD-0028E885F93A}
	EndGlobalSection
	GlobalSection(ExtensibilityGlobals) = postSolution
		SolutionGuid = {6BE2FD09-026D-4BB3-AF24-26914A27A4C9}
	EndGlobalSection
EndGlobal
